hash: df518346920caa814c4422e365437836a268c0bb928f44199c573d8af6cd8957
updated: 2017-09-15T22:39:21.19522182+02:00
imports:
- name: bitbucket.org/ww/goautoneg
  version: 75cd24fc2f2c2a2088577d12123ddee5f54e0675
- name: github.com/agl/ed25519
  version: 278e1ec8e8a6e017cd07577924d6766039146ced
  subpackages:
  - edwards25519
- name: github.com/ajg/form
  version: 523a5da1a92f01b01f840b61689c0340a0243532
- name: github.com/asaskevich/govalidator
  version: fdf19785fd3558d619ef81212f5edf1d6c2a5911
- name: github.com/aws/aws-sdk-go
  version: 8649d278323ebf6bd20c9cd56ecb152b1c617375
  subpackages:
  - aws
  - private/protocol
  - private/waiter
  - service/s3
  - service/sts
- name: github.com/BurntSushi/toml
  version: 056c9bc7be7190eaa7715723883caffa5f8fa3e4
- name: github.com/codegangsta/negroni
  version: c7477ad8e330bef55bf1ebe300cf8aa67c492d1b
- name: github.com/davecgh/go-spew
  version: 5215b55f46b2b919f50a1df0eaa5886afe4e3b3d
  subpackages:
  - spew
- name: github.com/fatih/structs
  version: a720dfa8df582c51dee1b36feabb906bde1588bd
- name: github.com/garyburd/redigo
  version: 8b1d80a45a732e6d95e22dcc2e067312c664936c
  subpackages:
  - internal
  - redis
- name: github.com/gavv/monotime
  version: 47d58efa69556a936a3c15eb2ed42706d968ab01
- name: github.com/getsentry/raven-go
  version: d25a363f644decca10856d923980d10555f473e9
- name: github.com/go-errors/errors
  version: a41850380601eeb43f4350f7d17c6bbd8944aaf8
- name: github.com/go-ini/ini
  version: 6f66b0e091edb3c7b380f7c4f0f884274d550b67
- name: github.com/go-sql-driver/mysql
  version: 2e00b5cd70399450106cec6431c2e2ce3cae5034
- name: github.com/goji/context
  version: cc5d214cefa9d50beb2cdbf2344eb8c4bd14709b
- name: github.com/golang/groupcache
  version: 604ed5785183e59ae2789449d89e73f3a2a77987
  subpackages:
  - lru
- name: github.com/google/go-querystring
  version: 9235644dd9e52eeae6fa48efd539fdc351a0af53
  subpackages:
  - query
- name: github.com/guregu/null
  version: 79c5bd36b615db4c06132321189f579c8a5fca98
- name: github.com/howeyc/gopass
  version: bf9dde6d0d2c004a008c27aaee91170c786f6db8
- name: github.com/imkira/go-interpol
  version: 5accad8134979a6ac504d456a6c7f1c53da237ca
- name: github.com/inconshreveable/mousetrap
  version: 76626ae9c91c4f2a10f34cad8ce83ea42c93bb75
- name: github.com/jarcoal/httpmock
  version: 4442edb3db31196622da56482fd8d0fa375fba4d
- name: github.com/jmespath/go-jmespath
  version: bd40a432e4c76585ef6b72d3fd96fb9b6dc7b68d
- name: github.com/jmoiron/sqlx
  version: ad7f2641d00865a3d5b860ccdade6f8e63dbdae6
  subpackages:
  - reflectx
- name: github.com/jtolds/gls
  version: 9a4a02dbe491bef4bab3c24fd9f3087d6c4c6690
- name: github.com/klauspost/compress
  version: e3b7981a12dd3cab49afa1d3a50e715846f23732
  subpackages:
  - flate
  - gzip
  - zlib
- name: github.com/klauspost/cpuid
  version: 09cded8978dc9e80714c4d85b0322337b0a1e5e0
- name: github.com/klauspost/crc32
  version: cb6bfca970f6908083f26f39a79009d608efd5cd
- name: github.com/kr/pretty
  version: e6ac2fc51e89a3249e82157fa0bb7a18ef9dd5bb
- name: github.com/kr/text
  version: e373e137fafd8abd480af49182dea0513914adb4
- name: github.com/lann/builder
  version: c603884a2c1fcf331c71940f3227a8111d29f3ba
- name: github.com/lib/pq
  version: a8d8d01c4f91602f876bf5aa210274e8203a6b45
  subpackages:
  - oid
- name: github.com/magiconair/properties
  version: 359442d561ca28acd0fe503aa9f075f505bc9ed0
- name: github.com/manucorporat/sse
  version: ee05b128a739a0fb76c7ebd3ae4810c1de808d6d
- name: github.com/Masterminds/squirrel
  version: 20f192218cf52a73397fa2df45bdda720f3e47c8
- name: github.com/mattn/go-sqlite3
  version: efea85cb9a06f1d4f661649f6beb5fd04597a366
- name: github.com/mitchellh/mapstructure
  version: 2caf8efc93669b6c43e0441cdc6aed17546c96f3
- name: github.com/mndrix/ps
  version: 33ddf69629c1bcea76b04f4a4e9e00e4cce82eb6
- name: github.com/moul/http2curl
  version: 4e24498b31dba4683efb9d35c1c8a91e2eda28c8
- name: github.com/nullstyle/go-codegen
  version: 97a55a0a5d715d65c940bd07b8b719c082db26d6
- name: github.com/nullstyle/go-xdr
  version: 3c3a95da20cd1e19018bf098dce9c3ce358848df
  subpackages:
  - xdr3
- name: github.com/pkg/errors
  version: a2d6902c6d2a2f194eb3fb474981ab7867c81505
- name: github.com/pmezard/go-difflib
  version: 792786c7400a136282c1664665ae0a8db921c6c2
  subpackages:
  - difflib
- name: github.com/PuerkitoBio/throttled
  version: 1c8297c643b774435df8df65f7502b37d014fb6b
  subpackages:
  - store
- name: github.com/rcrowley/go-metrics
  version: a5cfc242a56ba7fa70b785f678d6214837bf93b9
- name: github.com/rs/cors
  version: 5e4ce6bc0ecd3472f6f943666d84876691be2ced
  repo: https://github.com/rs/cors
- name: github.com/rubenv/sql-migrate
  version: 53184e1edfb4f9655b0fa8dd2c23e7763f452bda
  subpackages:
  - sqlparse
- name: github.com/sebest/xff
  version: 7a36e3a787b5228de26fbfec89d5060701010da0
- name: github.com/segmentio/go-loggly
  version: e78f6971ebca5835614673e2f5f6a47ca5f13501
- name: github.com/sergi/go-diff
  version: 83532ca1c1caa393179c677b6facf48e61f4ca5d
  subpackages:
  - diffmatchpatch
- name: github.com/sirupsen/logrus
  version: f006c2ac4710855cf0f916dd6b77acf6b048dc6e
  subpackages:
  - hooks/test
- name: github.com/smartystreets/assertions
  version: 22fd8e1982688f4ff04e8e9ec6feae2c2459460d
  subpackages:
  - internal/oglematchers
- name: github.com/smartystreets/goconvey
  version: ab7641a0db76b0e88765294b1377b026ec01f26b
  subpackages:
  - convey
  - convey/gotest
  - convey/reporting
- name: github.com/spf13/cast
  version: 4d07383ffe94b5e5a6fa3af9211374a4507a0184
- name: github.com/spf13/cobra
  version: 66816bcd0378e248c613e3c443c020f544c28804
- name: github.com/spf13/jwalterweatherman
  version: 3d60171a64319ef63c78bd45bd60e6eab1e75f8b
- name: github.com/spf13/pflag
  version: 67cbc198fd11dab704b214c1e629a97af392c085
- name: github.com/spf13/viper
  version: db7ff930a189b98d602179d9001d33345f42b8c7
- name: github.com/stellar/go
  version: 165d0af4cb611d438a618b2ef14ea935505908e3
  subpackages:
  - amount
  - build
  - crc16
  - hash
  - keypair
  - meta
  - network
  - price
  - strkey
  - support/db
  - support/db/dbtest
  - support/db/sqlutils
  - support/errors
  - support/http/mutil
  - support/log
  - xdr
- name: github.com/stretchr/objx
  version: 1a9d0bb9f541897e62256577b352fdbc1fb4fd94
- name: github.com/stretchr/testify
  version: 1f4a1643a57e798696635ea4c126e9127adb7d3c
  subpackages:
  - assert
  - require
- name: github.com/tylerb/graceful
  version: 7116c7a8115899e80197cd9e0b97998c0f97ed8e
- name: github.com/valyala/bytebufferpool
  version: e746df99fe4a3986f4d4f79e13c1e0117ce9c2f7
- name: github.com/valyala/fasthttp
  version: 0a7f0a797cd66b89588d0a7fdd670b706579a621
- name: github.com/visionmedia/go-debug
  version: ff4a55a20a86994118644bbddc6a216da193cc13
- name: github.com/xeipuuv/gojsonpointer
  version: e0fe6f68307607d540ed8eac07a342c33fa1b54a
- name: github.com/xeipuuv/gojsonreference
  version: e02fc20de94c78484cd5ffb007f8af96be030a45
- name: github.com/xeipuuv/gojsonschema
  version: f06f290571ce81ab347174c6f7ad2e1865af41a7
- name: github.com/yalp/jsonpath
  version: 31a79c7593bb93eb10b163650d4a3e6ca190e4dc
- name: github.com/yudai/gojsondiff
  version: 7b1b7adf999dab73a6eb02669c3d82dbb27a3dd6
- name: github.com/yudai/golcs
  version: d1c525dea8ce39ea9a783d33cf08932305373f2c
- name: github.com/zenazn/goji
  version: bf843a174a08e846246b8945f8a9a853d84a256a
  subpackages:
  - bind
  - graceful
  - web
  - web/middleware
  - web/mutil
- name: goji.io
  version: 0d89ff54b2c18c9c4ba530e32496aef902d3c6cd
- name: golang.org/x/crypto
  version: b0c9c05bfe149df95eb1d25642162cca051e0466
  subpackages:
  - ssh/terminal
- name: golang.org/x/net
  version: 8351a756f30f1297fe94bbf4b767ec589c6ea6d0
  subpackages:
  - context
  - http2
  - http2/hpack
  - idna
  - lex/httplex
  - netutil
  - publicsuffix
- name: golang.org/x/sys
  version: 062cd7e4e68206d8bab9b18396626e855c992658
  subpackages:
  - unix
  - windows
- name: golang.org/x/text
  version: 1cbadb444a806fd9430d14ad08967ed91da4fa0a
  subpackages:
  - secure/bidirule
  - transform
  - unicode/bidi
  - unicode/norm
- name: gopkg.in/gavv/httpexpect.v1
  version: 47bd51a8ce805ecbcb766a00041d5dc2fd4a23a8
- name: gopkg.in/gorp.v1
  version: c87af80f3cc5036b55b83d77171e156791085e2e
- name: gopkg.in/tylerb/graceful.v1
  version: 119c58e176bce26fd40698146d9a106c8f1723a5
- name: gopkg.in/yaml.v2
  version: 7ad95dd0798a40da1ccdff6dff35fd177b5edf40
testImports: []
